// !$*UTF8*$!
{
	archiveVersion = 1;
	classes = {
	};
	objectVersion = 46;
	objects = {

/* Begin PBXFileReference section */
		5502D58823772975006E62E4 /* src */ = {isa = PBXFileReference; lastKnownFileType = folder; path = src; sourceTree = "<group>"; };
		5502D58923772985006E62E4 /* components */ = {isa = PBXFileReference; lastKnownFileType = folder; path = components; sourceTree = "<group>"; };
/* End PBXFileReference section */

/* Begin PBXGroup section */
		5581F07B237726C1003150D1 = {
			isa = PBXGroup;
			children = (
				5502D58923772985006E62E4 /* components */,
				5502D58823772975006E62E4 /* src */,
			);
			sourceTree = "<group>";
		};
/* End PBXGroup section */

/* Begin PBXLegacyTarget section */
		5581F080237726C1003150D1 /* esp-homekit-swb3-powerstrip */ = {
			isa = PBXLegacyTarget;
			buildArgumentsString = "$(ACTION)";
			buildConfigurationList = 5581F083237726C1003150D1 /* Build configuration list for PBXLegacyTarget "esp-homekit-swb3-powerstrip" */;
			buildPhases = (
			);
			buildToolPath = /usr/bin/make;
			buildWorkingDirectory = "/Volumes/case-sensitive/esp-homekit-swb3-powerstrip/src";
			dependencies = (
			);
			name = "esp-homekit-swb3-powerstrip";
			passBuildSettingsInEnvironment = 0;
			productName = "esp-homekit-swb3-powerstrip";
		};
/* End PBXLegacyTarget section */

/* Begin PBXProject section */
		5581F07C237726C1003150D1 /* Project object */ = {
			isa = PBXProject;
			attributes = {
				LastUpgradeCheck = 0820;
				ORGANIZATIONNAME = maccoylton;
				TargetAttributes = {
					5581F080237726C1003150D1 = {
						CreatedOnToolsVersion = 8.2.1;
						DevelopmentTeam = BPHS6ZKLL9;
						ProvisioningStyle = Automatic;
					};
				};
			};
			buildConfigurationList = 5581F07F237726C1003150D1 /* Build configuration list for PBXProject "esp-homekit-swb3-powerstrip" */;
			compatibilityVersion = "Xcode 3.2";
			developmentRegion = English;
			hasScannedForEncodings = 0;
			knownRegions = (
				en,
			);
			mainGroup = 5581F07B237726C1003150D1;
			projectDirPath = "";
			projectRoot = "";
			targets = (
				5581F080237726C1003150D1 /* esp-homekit-swb3-powerstrip */,
			);
		};
/* End PBXProject section */

/* Begin XCBuildConfiguration section */
		5581F081237726C1003150D1 /* Debug */ = {
			isa = XCBuildConfiguration;
			buildSettings = {
				ALWAYS_SEARCH_USER_PATHS = NO;
				CLANG_ANALYZER_NONNULL = YES;
				CLANG_CXX_LANGUAGE_STANDARD = "gnu++0x";
				CLANG_CXX_LIBRARY = "libc++";
				CLANG_ENABLE_MODULES = YES;
				CLANG_ENABLE_OBJC_ARC = YES;
				CLANG_WARN_BOOL_CONVERSION = YES;
				CLANG_WARN_CONSTANT_CONVERSION = YES;
				CLANG_WARN_DIRECT_OBJC_ISA_USAGE = YES_ERROR;
				CLANG_WARN_DOCUMENTATION_COMMENTS = YES;
				CLANG_WARN_EMPTY_BODY = YES;
				CLANG_WARN_ENUM_CONVERSION = YES;
				CLANG_WARN_INFINITE_RECURSION = YES;
				CLANG_WARN_INT_CONVERSION = YES;
				CLANG_WARN_OBJC_ROOT_CLASS = YES_ERROR;
				CLANG_WARN_SUSPICIOUS_MOVE = YES;
				CLANG_WARN_UNREACHABLE_CODE = YES;
				CLANG_WARN__DUPLICATE_METHOD_MATCH = YES;
				COPY_PHASE_STRIP = NO;
				DEBUG_INFORMATION_FORMAT = dwarf;
				ENABLE_STRICT_OBJC_MSGSEND = YES;
				ENABLE_TESTABILITY = YES;
				GCC_C_LANGUAGE_STANDARD = gnu99;
				GCC_DYNAMIC_NO_PIC = NO;
				GCC_NO_COMMON_BLOCKS = YES;
				GCC_OPTIMIZATION_LEVEL = 0;
				GCC_PREPROCESSOR_DEFINITIONS = (
					"DEBUG=1",
					"$(inherited)",
				);
				GCC_WARN_64_TO_32_BIT_CONVERSION = YES;
				GCC_WARN_ABOUT_RETURN_TYPE = YES_ERROR;
				GCC_WARN_UNDECLARED_SELECTOR = YES;
				GCC_WARN_UNINITIALIZED_AUTOS = YES_AGGRESSIVE;
				GCC_WARN_UNUSED_FUNCTION = YES;
				GCC_WARN_UNUSED_VARIABLE = YES;
				MTL_ENABLE_DEBUG_INFO = YES;
				ONLY_ACTIVE_ARCH = YES;
			};
			name = Debug;
		};
		5581F082237726C1003150D1 /* Release */ = {
			isa = XCBuildConfiguration;
			buildSettings = {
				ALWAYS_SEARCH_USER_PATHS = NO;
				CLANG_ANALYZER_NONNULL = YES;
				CLANG_CXX_LANGUAGE_STANDARD = "gnu++0x";
				CLANG_CXX_LIBRARY = "libc++";
				CLANG_ENABLE_MODULES = YES;
				CLANG_ENABLE_OBJC_ARC = YES;
				CLANG_WARN_BOOL_CONVERSION = YES;
				CLANG_WARN_CONSTANT_CONVERSION = YES;
				CLANG_WARN_DIRECT_OBJC_ISA_USAGE = YES_ERROR;
				CLANG_WARN_DOCUMENTATION_COMMENTS = YES;
				CLANG_WARN_EMPTY_BODY = YES;
				CLANG_WARN_ENUM_CONVERSION = YES;
				CLANG_WARN_INFINITE_RECURSION = YES;
				CLANG_WARN_INT_CONVERSION = YES;
				CLANG_WARN_OBJC_ROOT_CLASS = YES_ERROR;
				CLANG_WARN_SUSPICIOUS_MOVE = YES;
				CLANG_WARN_UNREACHABLE_CODE = YES;
				CLANG_WARN__DUPLICATE_METHOD_MATCH = YES;
				COPY_PHASE_STRIP = NO;
				DEBUG_INFORMATION_FORMAT = "dwarf-with-dsym";
				ENABLE_NS_ASSERTIONS = NO;
				ENABLE_STRICT_OBJC_MSGSEND = YES;
				GCC_C_LANGUAGE_STANDARD = gnu99;
				GCC_NO_COMMON_BLOCKS = YES;
				GCC_WARN_64_TO_32_BIT_CONVERSION = YES;
				GCC_WARN_ABOUT_RETURN_TYPE = YES_ERROR;
				GCC_WARN_UNDECLARED_SELECTOR = YES;
				GCC_WARN_UNINITIALIZED_AUTOS = YES_AGGRESSIVE;
				GCC_WARN_UNUSED_FUNCTION = YES;
				GCC_WARN_UNUSED_VARIABLE = YES;
				MTL_ENABLE_DEBUG_INFO = NO;
			};
			name = Release;
		};
		5581F084237726C1003150D1 /* Debug */ = {
			isa = XCBuildConfiguration;
			buildSettings = {
				BIN_PATH = "/volumes/case-sensitive/esp-open-sdk/ESP8266_RTOS_SDK/bin";
				DEBUGGING_SYMBOLS = YES;
				DEBUG_INFORMATION_FORMAT = dwarf;
				DEVELOPMENT_TEAM = BPHS6ZKLL9;
				GCC_GENERATE_DEBUGGING_SYMBOLS = YES;
				GCC_OPTIMIZATION_LEVEL = 0;
				OTHER_CFLAGS = "";
				OTHER_LDFLAGS = "";
				PATH = "/volumes/case-sensitive/esp-open-sdk/xtensa-lx106-elf/bin:/usr/local/opt/gnu-sed/bin:$PATH";
				PRODUCT_NAME = "$(TARGET_NAME)";
				SDK_PATH = "/volumes/case-sensitive/esp-open-rtos";
			};
			name = Debug;
		};
		5581F085237726C1003150D1 /* Release */ = {
			isa = XCBuildConfiguration;
			buildSettings = {
				BIN_PATH = "/volumes/case-sensitive/esp-open-sdk/ESP8266_RTOS_SDK/bin";
				DEBUG_INFORMATION_FORMAT = "dwarf-with-dsym";
				DEVELOPMENT_TEAM = BPHS6ZKLL9;
				OTHER_CFLAGS = "";
				OTHER_LDFLAGS = "";
				PATH = "/volumes/case-sensitive/esp-open-sdk/xtensa-lx106-elf/bin:/usr/local/opt/gnu-sed/bin:$PATH";
				PRODUCT_NAME = "$(TARGET_NAME)";
				SDK_PATH = "/volumes/case-sensitive/esp-open-rtos";
			};
			name = Release;
		};
/* End XCBuildConfiguration section */

/* Begin XCConfigurationList section */
		5581F07F237726C1003150D1 /* Build configuration list for PBXProject "esp-homekit-swb3-powerstrip" */ = {
			isa = XCConfigurationList;
			buildConfigurations = (
				5581F081237726C1003150D1 /* Debug */,
				5581F082237726C1003150D1 /* Release */,
			);
			defaultConfigurationIsVisible = 0;
			defaultConfigurationName = Release;
		};
		5581F083237726C1003150D1 /* Build configuration list for PBXLegacyTarget "esp-homekit-swb3-powerstrip" */ = {
			isa = XCConfigurationList;
			buildConfigurations = (
				5581F084237726C1003150D1 /* Debug */,
				5581F085237726C1003150D1 /* Release */,
			);
			defaultConfigurationIsVisible = 0;
			defaultConfigurationName = Release;
		};
/* End XCConfigurationList section */
	};
	rootObject = 5581F07C237726C1003150D1 /* Project object */;
}
